
Microsoft Visual Studio Solution File, Format Version 12.00
# Visual Studio Version 16
VisualStudioVersion = 16.0.30104.148
MinimumVisualStudioVersion = 10.0.40219.1
Project("{F184B08F-C81C-45F6-A57F-5ABD9991F28F}") = "app", "app\app.vbproj", "{4444E2A3-DF3D-461D-93C1-91A683C35A0B}"
EndProject
Global
	GlobalSection(SolutionConfigurationPlatforms) = preSolution
		Debug|Any CPU = Debug|Any CPU
		Release|Any CPU = Release|Any CPU
	EndGlobalSection
	GlobalSection(ProjectConfigurationPlatforms) = postSolution
		{4444E2A3-DF3D-461D-93C1-91A683C35A0B}.Debug|Any CPU.ActiveCfg = Debug|Any CPU
		{4444E2A3-DF3D-461D-93C1-91A683C35A0B}.Debug|Any CPU.Build.0 = Debug|Any CPU
		{4444E2A3-DF3D-461D-93C1-91A683C35A0B}.Release|Any CPU.ActiveCfg = Release|Any CPU
		{4444E2A3-DF3D-461D-93C1-91A683C35A0B}.Release|Any CPU.Build.0 = Release|Any CPU
	EndGlobalSection
	GlobalSection(SolutionProperties) = preSolution
		HideSolutionNode = FALSE
	EndGlobalSection
	GlobalSection(ExtensibilityGlobals) = postSolution
		SolutionGuid = {D0273E99-F30A-41B8-B55A-D004E465C14E}
	EndGlobalSection
EndGlobal
